// !$*UTF8*$!
{
	archiveVersion = 1;
	classes = {
	};
	objectVersion = 55;
	objects = {

/* Begin PBXBuildFile section */
		6303FB542904914100D43A59 /* AppDelegate.swift in Sources */ = {isa = PBXBuildFile; fileRef = 6303FB532904914100D43A59 /* AppDelegate.swift */; };
		6303FB582904914100D43A59 /* HomeViewController.swift in Sources */ = {isa = PBXBuildFile; fileRef = 6303FB572904914100D43A59 /* HomeViewController.swift */; };
		6303FB5B2904914100D43A59 /* Main.storyboard in Resources */ = {isa = PBXBuildFile; fileRef = 6303FB592904914100D43A59 /* Main.storyboard */; };
		6303FB5D2904914300D43A59 /* Assets.xcassets in Resources */ = {isa = PBXBuildFile; fileRef = 6303FB5C2904914300D43A59 /* Assets.xcassets */; };
		6303FB6B2904914300D43A59 /* MovieAppTests.swift in Sources */ = {isa = PBXBuildFile; fileRef = 6303FB6A2904914300D43A59 /* MovieAppTests.swift */; };
		6303FB752904914300D43A59 /* MovieAppUITests.swift in Sources */ = {isa = PBXBuildFile; fileRef = 6303FB742904914300D43A59 /* MovieAppUITests.swift */; };
		6303FB772904914300D43A59 /* MovieAppUITestsLaunchTests.swift in Sources */ = {isa = PBXBuildFile; fileRef = 6303FB762904914300D43A59 /* MovieAppUITestsLaunchTests.swift */; };
		6303FB842905ACFE00D43A59 /* Constants.swift in Sources */ = {isa = PBXBuildFile; fileRef = 6303FB832905ACFE00D43A59 /* Constants.swift */; };
		6303FB862905B1BE00D43A59 /* GoogleService-Info.plist in Resources */ = {isa = PBXBuildFile; fileRef = 6303FB852905B1BE00D43A59 /* GoogleService-Info.plist */; };
		6303FB8C2905D71300D43A59 /* FirebaseAnalyticsSwift in Frameworks */ = {isa = PBXBuildFile; productRef = 6303FB8B2905D71300D43A59 /* FirebaseAnalyticsSwift */; };
		6303FB8E2905D71300D43A59 /* FirebaseRemoteConfigSwift in Frameworks */ = {isa = PBXBuildFile; productRef = 6303FB8D2905D71300D43A59 /* FirebaseRemoteConfigSwift */; };
		6303FB902905E2AE00D43A59 /* SplashViewController.swift in Sources */ = {isa = PBXBuildFile; fileRef = 6303FB8F2905E2AE00D43A59 /* SplashViewController.swift */; };
		6303FB942905EC8800D43A59 /* HomeViewController.storyboard in Resources */ = {isa = PBXBuildFile; fileRef = 6303FB932905EC8800D43A59 /* HomeViewController.storyboard */; };
		63241B252908A02400CD4479 /* MovieDetailModel.swift in Sources */ = {isa = PBXBuildFile; fileRef = 63241B242908A02400CD4479 /* MovieDetailModel.swift */; };
		63241B272908A13600CD4479 /* MovieDetailParseOperation.swift in Sources */ = {isa = PBXBuildFile; fileRef = 63241B262908A13600CD4479 /* MovieDetailParseOperation.swift */; };
		63241B2D2908A6C800CD4479 /* MovieDetailView.swift in Sources */ = {isa = PBXBuildFile; fileRef = 63241B2C2908A6C800CD4479 /* MovieDetailView.swift */; };
		63241B302908B85A00CD4479 /* URLImage in Frameworks */ = {isa = PBXBuildFile; productRef = 63241B2F2908B85A00CD4479 /* URLImage */; };
		6381B6E82906D18300829010 /* Alamofire in Frameworks */ = {isa = PBXBuildFile; productRef = 6381B6E72906D18300829010 /* Alamofire */; };
		6381B6EE2906E39E00829010 /* Roboto-Regular.ttf in Resources */ = {isa = PBXBuildFile; fileRef = 6381B6EA2906E39D00829010 /* Roboto-Regular.ttf */; };
		6381B6EF2906E39E00829010 /* Roboto-Medium.ttf in Resources */ = {isa = PBXBuildFile; fileRef = 6381B6EB2906E39D00829010 /* Roboto-Medium.ttf */; };
		6381B6F02906E39E00829010 /* Roboto-Light.ttf in Resources */ = {isa = PBXBuildFile; fileRef = 6381B6EC2906E39E00829010 /* Roboto-Light.ttf */; };
		6381B6F12906E39E00829010 /* Roboto-Bold.ttf in Resources */ = {isa = PBXBuildFile; fileRef = 6381B6ED2906E39E00829010 /* Roboto-Bold.ttf */; };
		6381B6F529070F5700829010 /* MovieSearchParseOperation.swift in Sources */ = {isa = PBXBuildFile; fileRef = 6381B6F429070F5700829010 /* MovieSearchParseOperation.swift */; };
		6381B6F729072DBC00829010 /* MovieModel.swift in Sources */ = {isa = PBXBuildFile; fileRef = 6381B6F629072DBC00829010 /* MovieModel.swift */; };
		6381B6FE29086D6800829010 /* MovieTableViewCell.swift in Sources */ = {isa = PBXBuildFile; fileRef = 6381B6FC29086D6800829010 /* MovieTableViewCell.swift */; };
		6381B6FF29086D6800829010 /* MovieTableViewCell.xib in Resources */ = {isa = PBXBuildFile; fileRef = 6381B6FD29086D6800829010 /* MovieTableViewCell.xib */; };
		639874112909A95100C236AF /* IHProgressHUD in Frameworks */ = {isa = PBXBuildFile; productRef = 639874102909A95100C236AF /* IHProgressHUD */; };
/* End PBXBuildFile section */

/* Begin PBXContainerItemProxy section */
		6303FB672904914300D43A59 /* PBXContainerItemProxy */ = {
			isa = PBXContainerItemProxy;
			containerPortal = 6303FB482904914100D43A59 /* Project object */;
			proxyType = 1;
			remoteGlobalIDString = 6303FB4F2904914100D43A59;
			remoteInfo = MovieApp;
		};
		6303FB712904914300D43A59 /* PBXContainerItemProxy */ = {
			isa = PBXContainerItemProxy;
			containerPortal = 6303FB482904914100D43A59 /* Project object */;
			proxyType = 1;
			remoteGlobalIDString = 6303FB4F2904914100D43A59;
			remoteInfo = MovieApp;
		};
/* End PBXContainerItemProxy section */

/* Begin PBXFileReference section */
		6303FB502904914100D43A59 /* MovieApp.app */ = {isa = PBXFileReference; explicitFileType = wrapper.application; includeInIndex = 0; path = MovieApp.app; sourceTree = BUILT_PRODUCTS_DIR; };
		6303FB532904914100D43A59 /* AppDelegate.swift */ = {isa = PBXFileReference; lastKnownFileType = sourcecode.swift; path = AppDelegate.swift; sourceTree = "<group>"; };
		6303FB572904914100D43A59 /* HomeViewController.swift */ = {isa = PBXFileReference; lastKnownFileType = sourcecode.swift; path = HomeViewController.swift; sourceTree = "<group>"; };
		6303FB5A2904914100D43A59 /* Base */ = {isa = PBXFileReference; lastKnownFileType = file.storyboard; name = Base; path = Base.lproj/Main.storyboard; sourceTree = "<group>"; };
		6303FB5C2904914300D43A59 /* Assets.xcassets */ = {isa = PBXFileReference; lastKnownFileType = folder.assetcatalog; path = Assets.xcassets; sourceTree = "<group>"; };
		6303FB612904914300D43A59 /* Info.plist */ = {isa = PBXFileReference; lastKnownFileType = text.plist.xml; path = Info.plist; sourceTree = "<group>"; };
		6303FB662904914300D43A59 /* MovieAppTests.xctest */ = {isa = PBXFileReference; explicitFileType = wrapper.cfbundle; includeInIndex = 0; path = MovieAppTests.xctest; sourceTree = BUILT_PRODUCTS_DIR; };
		6303FB6A2904914300D43A59 /* MovieAppTests.swift */ = {isa = PBXFileReference; lastKnownFileType = sourcecode.swift; path = MovieAppTests.swift; sourceTree = "<group>"; };
		6303FB702904914300D43A59 /* MovieAppUITests.xctest */ = {isa = PBXFileReference; explicitFileType = wrapper.cfbundle; includeInIndex = 0; path = MovieAppUITests.xctest; sourceTree = BUILT_PRODUCTS_DIR; };
		6303FB742904914300D43A59 /* MovieAppUITests.swift */ = {isa = PBXFileReference; lastKnownFileType = sourcecode.swift; path = MovieAppUITests.swift; sourceTree = "<group>"; };
		6303FB762904914300D43A59 /* MovieAppUITestsLaunchTests.swift */ = {isa = PBXFileReference; lastKnownFileType = sourcecode.swift; path = MovieAppUITestsLaunchTests.swift; sourceTree = "<group>"; };
		6303FB832905ACFE00D43A59 /* Constants.swift */ = {isa = PBXFileReference; lastKnownFileType = sourcecode.swift; path = Constants.swift; sourceTree = "<group>"; };
		6303FB852905B1BE00D43A59 /* GoogleService-Info.plist */ = {isa = PBXFileReference; fileEncoding = 4; lastKnownFileType = text.plist.xml; path = "GoogleService-Info.plist"; sourceTree = "<group>"; };
		6303FB8F2905E2AE00D43A59 /* SplashViewController.swift */ = {isa = PBXFileReference; lastKnownFileType = sourcecode.swift; path = SplashViewController.swift; sourceTree = "<group>"; };
		6303FB932905EC8800D43A59 /* HomeViewController.storyboard */ = {isa = PBXFileReference; lastKnownFileType = file.storyboard; path = HomeViewController.storyboard; sourceTree = "<group>"; };
		63241B242908A02400CD4479 /* MovieDetailModel.swift */ = {isa = PBXFileReference; lastKnownFileType = sourcecode.swift; path = MovieDetailModel.swift; sourceTree = "<group>"; };
		63241B262908A13600CD4479 /* MovieDetailParseOperation.swift */ = {isa = PBXFileReference; lastKnownFileType = sourcecode.swift; path = MovieDetailParseOperation.swift; sourceTree = "<group>"; };
		63241B2C2908A6C800CD4479 /* MovieDetailView.swift */ = {isa = PBXFileReference; lastKnownFileType = sourcecode.swift; path = MovieDetailView.swift; sourceTree = "<group>"; };
		6381B6EA2906E39D00829010 /* Roboto-Regular.ttf */ = {isa = PBXFileReference; lastKnownFileType = file; path = "Roboto-Regular.ttf"; sourceTree = "<group>"; };
		6381B6EB2906E39D00829010 /* Roboto-Medium.ttf */ = {isa = PBXFileReference; lastKnownFileType = file; path = "Roboto-Medium.ttf"; sourceTree = "<group>"; };
		6381B6EC2906E39E00829010 /* Roboto-Light.ttf */ = {isa = PBXFileReference; lastKnownFileType = file; path = "Roboto-Light.ttf"; sourceTree = "<group>"; };
		6381B6ED2906E39E00829010 /* Roboto-Bold.ttf */ = {isa = PBXFileReference; lastKnownFileType = file; path = "Roboto-Bold.ttf"; sourceTree = "<group>"; };
		6381B6F429070F5700829010 /* MovieSearchParseOperation.swift */ = {isa = PBXFileReference; lastKnownFileType = sourcecode.swift; path = MovieSearchParseOperation.swift; sourceTree = "<group>"; };
		6381B6F629072DBC00829010 /* MovieModel.swift */ = {isa = PBXFileReference; lastKnownFileType = sourcecode.swift; path = MovieModel.swift; sourceTree = "<group>"; };
		6381B6FC29086D6800829010 /* MovieTableViewCell.swift */ = {isa = PBXFileReference; lastKnownFileType = sourcecode.swift; path = MovieTableViewCell.swift; sourceTree = "<group>"; };
		6381B6FD29086D6800829010 /* MovieTableViewCell.xib */ = {isa = PBXFileReference; lastKnownFileType = file.xib; path = MovieTableViewCell.xib; sourceTree = "<group>"; };
/* End PBXFileReference section */

/* Begin PBXFrameworksBuildPhase section */
		6303FB4D2904914100D43A59 /* Frameworks */ = {
			isa = PBXFrameworksBuildPhase;
			buildActionMask = 2147483647;
			files = (
				6381B6E82906D18300829010 /* Alamofire in Frameworks */,
				6303FB8C2905D71300D43A59 /* FirebaseAnalyticsSwift in Frameworks */,
				639874112909A95100C236AF /* IHProgressHUD in Frameworks */,
				63241B302908B85A00CD4479 /* URLImage in Frameworks */,
				6303FB8E2905D71300D43A59 /* FirebaseRemoteConfigSwift in Frameworks */,
			);
			runOnlyForDeploymentPostprocessing = 0;
		};
		6303FB632904914300D43A59 /* Frameworks */ = {
			isa = PBXFrameworksBuildPhase;
			buildActionMask = 2147483647;
			files = (
			);
			runOnlyForDeploymentPostprocessing = 0;
		};
		6303FB6D2904914300D43A59 /* Frameworks */ = {
			isa = PBXFrameworksBuildPhase;
			buildActionMask = 2147483647;
			files = (
			);
			runOnlyForDeploymentPostprocessing = 0;
		};
/* End PBXFrameworksBuildPhase section */

/* Begin PBXGroup section */
		6303FB472904914100D43A59 = {
			isa = PBXGroup;
			children = (
				6303FB522904914100D43A59 /* MovieApp */,
				6381B6E92906E34100829010 /* Fonts */,
				6303FB692904914300D43A59 /* MovieAppTests */,
				6303FB732904914300D43A59 /* MovieAppUITests */,
				6303FB512904914100D43A59 /* Products */,
			);
			sourceTree = "<group>";
		};
		6303FB512904914100D43A59 /* Products */ = {
			isa = PBXGroup;
			children = (
				6303FB502904914100D43A59 /* MovieApp.app */,
				6303FB662904914300D43A59 /* MovieAppTests.xctest */,
				6303FB702904914300D43A59 /* MovieAppUITests.xctest */,
			);
			name = Products;
			sourceTree = "<group>";
		};
		6303FB522904914100D43A59 /* MovieApp */ = {
			isa = PBXGroup;
			children = (
				63241B2B2908A6A200CD4479 /* MovieDetailView */,
				63241B282908A29C00CD4479 /* Model */,
				63241B292908A2AB00CD4479 /* ParseOperation */,
				6381B6F229070E4E00829010 /* HomeView */,
				6303FB532904914100D43A59 /* AppDelegate.swift */,
				6303FB832905ACFE00D43A59 /* Constants.swift */,
				6303FB8F2905E2AE00D43A59 /* SplashViewController.swift */,
				6303FB592904914100D43A59 /* Main.storyboard */,
				6303FB5C2904914300D43A59 /* Assets.xcassets */,
				6303FB852905B1BE00D43A59 /* GoogleService-Info.plist */,
				6303FB612904914300D43A59 /* Info.plist */,
			);
			path = MovieApp;
			sourceTree = "<group>";
		};
		6303FB692904914300D43A59 /* MovieAppTests */ = {
			isa = PBXGroup;
			children = (
				6303FB6A2904914300D43A59 /* MovieAppTests.swift */,
			);
			path = MovieAppTests;
			sourceTree = "<group>";
		};
		6303FB732904914300D43A59 /* MovieAppUITests */ = {
			isa = PBXGroup;
			children = (
				6303FB742904914300D43A59 /* MovieAppUITests.swift */,
				6303FB762904914300D43A59 /* MovieAppUITestsLaunchTests.swift */,
			);
			path = MovieAppUITests;
			sourceTree = "<group>";
		};
		63241B282908A29C00CD4479 /* Model */ = {
			isa = PBXGroup;
			children = (
				6381B6F629072DBC00829010 /* MovieModel.swift */,
				63241B242908A02400CD4479 /* MovieDetailModel.swift */,
			);
			path = Model;
			sourceTree = "<group>";
		};
		63241B292908A2AB00CD4479 /* ParseOperation */ = {
			isa = PBXGroup;
			children = (
				6381B6F429070F5700829010 /* MovieSearchParseOperation.swift */,
				63241B262908A13600CD4479 /* MovieDetailParseOperation.swift */,
			);
			path = ParseOperation;
			sourceTree = "<group>";
		};
		63241B2B2908A6A200CD4479 /* MovieDetailView */ = {
			isa = PBXGroup;
			children = (
				63241B2C2908A6C800CD4479 /* MovieDetailView.swift */,
			);
			path = MovieDetailView;
			sourceTree = "<group>";
		};
		6381B6E92906E34100829010 /* Fonts */ = {
			isa = PBXGroup;
			children = (
				6381B6ED2906E39E00829010 /* Roboto-Bold.ttf */,
				6381B6EC2906E39E00829010 /* Roboto-Light.ttf */,
				6381B6EB2906E39D00829010 /* Roboto-Medium.ttf */,
				6381B6EA2906E39D00829010 /* Roboto-Regular.ttf */,
			);
			path = Fonts;
			sourceTree = "<group>";
		};
		6381B6F229070E4E00829010 /* HomeView */ = {
			isa = PBXGroup;
			children = (
				6303FB572904914100D43A59 /* HomeViewController.swift */,
				6303FB932905EC8800D43A59 /* HomeViewController.storyboard */,
				6381B6FC29086D6800829010 /* MovieTableViewCell.swift */,
				6381B6FD29086D6800829010 /* MovieTableViewCell.xib */,
			);
			path = HomeView;
			sourceTree = "<group>";
		};
/* End PBXGroup section */

/* Begin PBXNativeTarget section */
		6303FB4F2904914100D43A59 /* MovieApp */ = {
			isa = PBXNativeTarget;
			buildConfigurationList = 6303FB7A2904914300D43A59 /* Build configuration list for PBXNativeTarget "MovieApp" */;
			buildPhases = (
				6303FB4C2904914100D43A59 /* Sources */,
				6303FB4D2904914100D43A59 /* Frameworks */,
				6303FB4E2904914100D43A59 /* Resources */,
			);
			buildRules = (
			);
			dependencies = (
			);
			name = MovieApp;
			packageProductDependencies = (
				6303FB8B2905D71300D43A59 /* FirebaseAnalyticsSwift */,
				6303FB8D2905D71300D43A59 /* FirebaseRemoteConfigSwift */,
				6381B6E72906D18300829010 /* Alamofire */,
				63241B2F2908B85A00CD4479 /* URLImage */,
				639874102909A95100C236AF /* IHProgressHUD */,
			);
			productName = MovieApp;
			productReference = 6303FB502904914100D43A59 /* MovieApp.app */;
			productType = "com.apple.product-type.application";
		};
		6303FB652904914300D43A59 /* MovieAppTests */ = {
			isa = PBXNativeTarget;
			buildConfigurationList = 6303FB7D2904914300D43A59 /* Build configuration list for PBXNativeTarget "MovieAppTests" */;
			buildPhases = (
				6303FB622904914300D43A59 /* Sources */,
				6303FB632904914300D43A59 /* Frameworks */,
				6303FB642904914300D43A59 /* Resources */,
			);
			buildRules = (
			);
			dependencies = (
				6303FB682904914300D43A59 /* PBXTargetDependency */,
			);
			name = MovieAppTests;
			productName = MovieAppTests;
			productReference = 6303FB662904914300D43A59 /* MovieAppTests.xctest */;
			productType = "com.apple.product-type.bundle.unit-test";
		};
		6303FB6F2904914300D43A59 /* MovieAppUITests */ = {
			isa = PBXNativeTarget;
			buildConfigurationList = 6303FB802904914300D43A59 /* Build configuration list for PBXNativeTarget "MovieAppUITests" */;
			buildPhases = (
				6303FB6C2904914300D43A59 /* Sources */,
				6303FB6D2904914300D43A59 /* Frameworks */,
				6303FB6E2904914300D43A59 /* Resources */,
			);
			buildRules = (
			);
			dependencies = (
				6303FB722904914300D43A59 /* PBXTargetDependency */,
			);
			name = MovieAppUITests;
			productName = MovieAppUITests;
			productReference = 6303FB702904914300D43A59 /* MovieAppUITests.xctest */;
			productType = "com.apple.product-type.bundle.ui-testing";
		};
/* End PBXNativeTarget section */

/* Begin PBXProject section */
		6303FB482904914100D43A59 /* Project object */ = {
			isa = PBXProject;
			attributes = {
				BuildIndependentTargetsInParallel = 1;
				LastSwiftUpdateCheck = 1320;
				LastUpgradeCheck = 1320;
				TargetAttributes = {
					6303FB4F2904914100D43A59 = {
						CreatedOnToolsVersion = 13.2.1;
					};
					6303FB652904914300D43A59 = {
						CreatedOnToolsVersion = 13.2.1;
						TestTargetID = 6303FB4F2904914100D43A59;
					};
					6303FB6F2904914300D43A59 = {
						CreatedOnToolsVersion = 13.2.1;
						TestTargetID = 6303FB4F2904914100D43A59;
					};
				};
			};
			buildConfigurationList = 6303FB4B2904914100D43A59 /* Build configuration list for PBXProject "MovieApp" */;
			compatibilityVersion = "Xcode 13.0";
			developmentRegion = en;
			hasScannedForEncodings = 0;
			knownRegions = (
				en,
				Base,
			);
			mainGroup = 6303FB472904914100D43A59;
			packageReferences = (
				6303FB8A2905D71300D43A59 /* XCRemoteSwiftPackageReference "firebase-ios-sdk" */,
				6381B6E62906D18300829010 /* XCRemoteSwiftPackageReference "Alamofire" */,
				63241B2E2908B85A00CD4479 /* XCRemoteSwiftPackageReference "url-image" */,
				6398740F2909A95100C236AF /* XCRemoteSwiftPackageReference "IHProgressHUD" */,
			);
			productRefGroup = 6303FB512904914100D43A59 /* Products */;
			projectDirPath = "";
			projectRoot = "";
			targets = (
				6303FB4F2904914100D43A59 /* MovieApp */,
				6303FB652904914300D43A59 /* MovieAppTests */,
				6303FB6F2904914300D43A59 /* MovieAppUITests */,
			);
		};
/* End PBXProject section */

/* Begin PBXResourcesBuildPhase section */
		6303FB4E2904914100D43A59 /* Resources */ = {
			isa = PBXResourcesBuildPhase;
			buildActionMask = 2147483647;
			files = (
				6303FB942905EC8800D43A59 /* HomeViewController.storyboard in Resources */,
				6303FB5D2904914300D43A59 /* Assets.xcassets in Resources */,
				6381B6EF2906E39E00829010 /* Roboto-Medium.ttf in Resources */,
				6381B6EE2906E39E00829010 /* Roboto-Regular.ttf in Resources */,
				6381B6F02906E39E00829010 /* Roboto-Light.ttf in Resources */,
				6303FB5B2904914100D43A59 /* Main.storyboard in Resources */,
				6381B6F12906E39E00829010 /* Roboto-Bold.ttf in Resources */,
				6303FB862905B1BE00D43A59 /* GoogleService-Info.plist in Resources */,
				6381B6FF29086D6800829010 /* MovieTableViewCell.xib in Resources */,
			);
			runOnlyForDeploymentPostprocessing = 0;
		};
		6303FB642904914300D43A59 /* Resources */ = {
			isa = PBXResourcesBuildPhase;
			buildActionMask = 2147483647;
			files = (
			);
			runOnlyForDeploymentPostprocessing = 0;
		};
		6303FB6E2904914300D43A59 /* Resources */ = {
			isa = PBXResourcesBuildPhase;
			buildActionMask = 2147483647;
			files = (
			);
			runOnlyForDeploymentPostprocessing = 0;
		};
/* End PBXResourcesBuildPhase section */

/* Begin PBXSourcesBuildPhase section */
		6303FB4C2904914100D43A59 /* Sources */ = {
			isa = PBXSourcesBuildPhase;
			buildActionMask = 2147483647;
			files = (
				6381B6F729072DBC00829010 /* MovieModel.swift in Sources */,
				63241B252908A02400CD4479 /* MovieDetailModel.swift in Sources */,
				6381B6F529070F5700829010 /* MovieSearchParseOperation.swift in Sources */,
				6381B6FE29086D6800829010 /* MovieTableViewCell.swift in Sources */,
				6303FB582904914100D43A59 /* HomeViewController.swift in Sources */,
				63241B272908A13600CD4479 /* MovieDetailParseOperation.swift in Sources */,
				6303FB542904914100D43A59 /* AppDelegate.swift in Sources */,
				6303FB842905ACFE00D43A59 /* Constants.swift in Sources */,
				6303FB902905E2AE00D43A59 /* SplashViewController.swift in Sources */,
				63241B2D2908A6C800CD4479 /* MovieDetailView.swift in Sources */,
			);
			runOnlyForDeploymentPostprocessing = 0;
		};
		6303FB622904914300D43A59 /* Sources */ = {
			isa = PBXSourcesBuildPhase;
			buildActionMask = 2147483647;
			files = (
				6303FB6B2904914300D43A59 /* MovieAppTests.swift in Sources */,
			);
			runOnlyForDeploymentPostprocessing = 0;
		};
		6303FB6C2904914300D43A59 /* Sources */ = {
			isa = PBXSourcesBuildPhase;
			buildActionMask = 2147483647;
			files = (
				6303FB772904914300D43A59 /* MovieAppUITestsLaunchTests.swift in Sources */,
				6303FB752904914300D43A59 /* MovieAppUITests.swift in Sources */,
			);
			runOnlyForDeploymentPostprocessing = 0;
		};
/* End PBXSourcesBuildPhase section */

/* Begin PBXTargetDependency section */
		6303FB682904914300D43A59 /* PBXTargetDependency */ = {
			isa = PBXTargetDependency;
			target = 6303FB4F2904914100D43A59 /* MovieApp */;
			targetProxy = 6303FB672904914300D43A59 /* PBXContainerItemProxy */;
		};
		6303FB722904914300D43A59 /* PBXTargetDependency */ = {
			isa = PBXTargetDependency;
			target = 6303FB4F2904914100D43A59 /* MovieApp */;
			targetProxy = 6303FB712904914300D43A59 /* PBXContainerItemProxy */;
		};
/* End PBXTargetDependency section */

/* Begin PBXVariantGroup section */
		6303FB592904914100D43A59 /* Main.storyboard */ = {
			isa = PBXVariantGroup;
			children = (
				6303FB5A2904914100D43A59 /* Base */,
			);
			name = Main.storyboard;
			sourceTree = "<group>";
		};
/* End PBXVariantGroup section */

/* Begin XCBuildConfiguration section */
		6303FB782904914300D43A59 /* Debug */ = {
			isa = XCBuildConfiguration;
			buildSettings = {
				ALWAYS_SEARCH_USER_PATHS = NO;
				CLANG_ANALYZER_NONNULL = YES;
				CLANG_ANALYZER_NUMBER_OBJECT_CONVERSION = YES_AGGRESSIVE;
				CLANG_CXX_LANGUAGE_STANDARD = "gnu++17";
				CLANG_CXX_LIBRARY = "libc++";
				CLANG_ENABLE_MODULES = YES;
				CLANG_ENABLE_OBJC_ARC = YES;
				CLANG_ENABLE_OBJC_WEAK = YES;
				CLANG_WARN_BLOCK_CAPTURE_AUTORELEASING = YES;
				CLANG_WARN_BOOL_CONVERSION = YES;
				CLANG_WARN_COMMA = YES;
				CLANG_WARN_CONSTANT_CONVERSION = YES;
				CLANG_WARN_DEPRECATED_OBJC_IMPLEMENTATIONS = YES;
				CLANG_WARN_DIRECT_OBJC_ISA_USAGE = YES_ERROR;
				CLANG_WARN_DOCUMENTATION_COMMENTS = YES;
				CLANG_WARN_EMPTY_BODY = YES;
				CLANG_WARN_ENUM_CONVERSION = YES;
				CLANG_WARN_INFINITE_RECURSION = YES;
				CLANG_WARN_INT_CONVERSION = YES;
				CLANG_WARN_NON_LITERAL_NULL_CONVERSION = YES;
				CLANG_WARN_OBJC_IMPLICIT_RETAIN_SELF = YES;
				CLANG_WARN_OBJC_LITERAL_CONVERSION = YES;
				CLANG_WARN_OBJC_ROOT_CLASS = YES_ERROR;
				CLANG_WARN_QUOTED_INCLUDE_IN_FRAMEWORK_HEADER = YES;
				CLANG_WARN_RANGE_LOOP_ANALYSIS = YES;
				CLANG_WARN_STRICT_PROTOTYPES = YES;
				CLANG_WARN_SUSPICIOUS_MOVE = YES;
				CLANG_WARN_UNGUARDED_AVAILABILITY = YES_AGGRESSIVE;
				CLANG_WARN_UNREACHABLE_CODE = YES;
				CLANG_WARN__DUPLICATE_METHOD_MATCH = YES;
				COPY_PHASE_STRIP = NO;
				DEBUG_INFORMATION_FORMAT = dwarf;
				ENABLE_STRICT_OBJC_MSGSEND = YES;
				ENABLE_TESTABILITY = YES;
				GCC_C_LANGUAGE_STANDARD = gnu11;
				GCC_DYNAMIC_NO_PIC = NO;
				GCC_NO_COMMON_BLOCKS = YES;
				GCC_OPTIMIZATION_LEVEL = 0;
				GCC_PREPROCESSOR_DEFINITIONS = (
					"DEBUG=1",
					"$(inherited)",
				);
				GCC_WARN_64_TO_32_BIT_CONVERSION = YES;
				GCC_WARN_ABOUT_RETURN_TYPE = YES_ERROR;
				GCC_WARN_UNDECLARED_SELECTOR = YES;
				GCC_WARN_UNINITIALIZED_AUTOS = YES_AGGRESSIVE;
				GCC_WARN_UNUSED_FUNCTION = YES;
				GCC_WARN_UNUSED_VARIABLE = YES;
				IPHONEOS_DEPLOYMENT_TARGET = 14.0;
				MTL_ENABLE_DEBUG_INFO = INCLUDE_SOURCE;
				MTL_FAST_MATH = YES;
				ONLY_ACTIVE_ARCH = YES;
				SDKROOT = iphoneos;
				SWIFT_ACTIVE_COMPILATION_CONDITIONS = DEBUG;
				SWIFT_OPTIMIZATION_LEVEL = "-Onone";
			};
			name = Debug;
		};
		6303FB792904914300D43A59 /* Release */ = {
			isa = XCBuildConfiguration;
			buildSettings = {
				ALWAYS_SEARCH_USER_PATHS = NO;
				CLANG_ANALYZER_NONNULL = YES;
				CLANG_ANALYZER_NUMBER_OBJECT_CONVERSION = YES_AGGRESSIVE;
				CLANG_CXX_LANGUAGE_STANDARD = "gnu++17";
				CLANG_CXX_LIBRARY = "libc++";
				CLANG_ENABLE_MODULES = YES;
				CLANG_ENABLE_OBJC_ARC = YES;
				CLANG_ENABLE_OBJC_WEAK = YES;
				CLANG_WARN_BLOCK_CAPTURE_AUTORELEASING = YES;
				CLANG_WARN_BOOL_CONVERSION = YES;
				CLANG_WARN_COMMA = YES;
				CLANG_WARN_CONSTANT_CONVERSION = YES;
				CLANG_WARN_DEPRECATED_OBJC_IMPLEMENTATIONS = YES;
				CLANG_WARN_DIRECT_OBJC_ISA_USAGE = YES_ERROR;
				CLANG_WARN_DOCUMENTATION_COMMENTS = YES;
				CLANG_WARN_EMPTY_BODY = YES;
				CLANG_WARN_ENUM_CONVERSION = YES;
				CLANG_WARN_INFINITE_RECURSION = YES;
				CLANG_WARN_INT_CONVERSION = YES;
				CLANG_WARN_NON_LITERAL_NULL_CONVERSION = YES;
				CLANG_WARN_OBJC_IMPLICIT_RETAIN_SELF = YES;
				CLANG_WARN_OBJC_LITERAL_CONVERSION = YES;
				CLANG_WARN_OBJC_ROOT_CLASS = YES_ERROR;
				CLANG_WARN_QUOTED_INCLUDE_IN_FRAMEWORK_HEADER = YES;
				CLANG_WARN_RANGE_LOOP_ANALYSIS = YES;
				CLANG_WARN_STRICT_PROTOTYPES = YES;
				CLANG_WARN_SUSPICIOUS_MOVE = YES;
				CLANG_WARN_UNGUARDED_AVAILABILITY = YES_AGGRESSIVE;
				CLANG_WARN_UNREACHABLE_CODE = YES;
				CLANG_WARN__DUPLICATE_METHOD_MATCH = YES;
				COPY_PHASE_STRIP = NO;
				DEBUG_INFORMATION_FORMAT = "dwarf-with-dsym";
				ENABLE_NS_ASSERTIONS = NO;
				ENABLE_STRICT_OBJC_MSGSEND = YES;
				GCC_C_LANGUAGE_STANDARD = gnu11;
				GCC_NO_COMMON_BLOCKS = YES;
				GCC_WARN_64_TO_32_BIT_CONVERSION = YES;
				GCC_WARN_ABOUT_RETURN_TYPE = YES_ERROR;
				GCC_WARN_UNDECLARED_SELECTOR = YES;
				GCC_WARN_UNINITIALIZED_AUTOS = YES_AGGRESSIVE;
				GCC_WARN_UNUSED_FUNCTION = YES;
				GCC_WARN_UNUSED_VARIABLE = YES;
				IPHONEOS_DEPLOYMENT_TARGET = 14.0;
				MTL_ENABLE_DEBUG_INFO = NO;
				MTL_FAST_MATH = YES;
				SDKROOT = iphoneos;
				SWIFT_COMPILATION_MODE = wholemodule;
				SWIFT_OPTIMIZATION_LEVEL = "-O";
				VALIDATE_PRODUCT = YES;
			};
			name = Release;
		};
		6303FB7B2904914300D43A59 /* Debug */ = {
			isa = XCBuildConfiguration;
			buildSettings = {
				ASSETCATALOG_COMPILER_APPICON_NAME = AppIcon;
				ASSETCATALOG_COMPILER_GLOBAL_ACCENT_COLOR_NAME = AccentColor;
				CODE_SIGN_STYLE = Automatic;
				CURRENT_PROJECT_VERSION = 1;
				GENERATE_INFOPLIST_FILE = YES;
				INFOPLIST_FILE = MovieApp/Info.plist;
				INFOPLIST_KEY_UIApplicationSupportsIndirectInputEvents = YES;
				INFOPLIST_KEY_UILaunchStoryboardName = SplashViewController;
				INFOPLIST_KEY_UIMainStoryboardFile = Main;
				INFOPLIST_KEY_UISupportedInterfaceOrientations_iPad = "UIInterfaceOrientationPortrait UIInterfaceOrientationPortraitUpsideDown UIInterfaceOrientationLandscapeLeft UIInterfaceOrientationLandscapeRight";
				INFOPLIST_KEY_UISupportedInterfaceOrientations_iPhone = "UIInterfaceOrientationPortrait UIInterfaceOrientationLandscapeLeft UIInterfaceOrientationLandscapeRight";
				LD_RUNPATH_SEARCH_PATHS = (
					"$(inherited)",
					"@executable_path/Frameworks",
				);
				MARKETING_VERSION = 1.0;
				PRODUCT_BUNDLE_IDENTIFIER = keremozdemr.MovieApp;
				PRODUCT_NAME = "$(TARGET_NAME)";
				SWIFT_EMIT_LOC_STRINGS = YES;
				SWIFT_VERSION = 5.0;
				TARGETED_DEVICE_FAMILY = "1,2";
			};
			name = Debug;
		};
		6303FB7C2904914300D43A59 /* Release */ = {
			isa = XCBuildConfiguration;
			buildSettings = {
				ASSETCATALOG_COMPILER_APPICON_NAME = AppIcon;
				ASSETCATALOG_COMPILER_GLOBAL_ACCENT_COLOR_NAME = AccentColor;
				CODE_SIGN_STYLE = Automatic;
				CURRENT_PROJECT_VERSION = 1;
				GENERATE_INFOPLIST_FILE = YES;
				INFOPLIST_FILE = MovieApp/Info.plist;
				INFOPLIST_KEY_UIApplicationSupportsIndirectInputEvents = YES;
				INFOPLIST_KEY_UILaunchStoryboardName = SplashViewController;
				INFOPLIST_KEY_UIMainStoryboardFile = Main;
				INFOPLIST_KEY_UISupportedInterfaceOrientations_iPad = "UIInterfaceOrientationPortrait UIInterfaceOrientationPortraitUpsideDown UIInterfaceOrientationLandscapeLeft UIInterfaceOrientationLandscapeRight";
				INFOPLIST_KEY_UISupportedInterfaceOrientations_iPhone = "UIInterfaceOrientationPortrait UIInterfaceOrientationLandscapeLeft UIInterfaceOrientationLandscapeRight";
				LD_RUNPATH_SEARCH_PATHS = (
					"$(inherited)",
					"@executable_path/Frameworks",
				);
				MARKETING_VERSION = 1.0;
				PRODUCT_BUNDLE_IDENTIFIER = keremozdemr.MovieApp;
				PRODUCT_NAME = "$(TARGET_NAME)";
				SWIFT_EMIT_LOC_STRINGS = YES;
				SWIFT_VERSION = 5.0;
				TARGETED_DEVICE_FAMILY = "1,2";
			};
			name = Release;
		};
		6303FB7E2904914300D43A59 /* Debug */ = {
			isa = XCBuildConfiguration;
			buildSettings = {
				ALWAYS_EMBED_SWIFT_STANDARD_LIBRARIES = YES;
				BUNDLE_LOADER = "$(TEST_HOST)";
				CODE_SIGN_STYLE = Automatic;
				CURRENT_PROJECT_VERSION = 1;
				GENERATE_INFOPLIST_FILE = YES;
				IPHONEOS_DEPLOYMENT_TARGET = 15.2;
				MARKETING_VERSION = 1.0;
				PRODUCT_BUNDLE_IDENTIFIER = keremozdemr.MovieAppTests;
				PRODUCT_NAME = "$(TARGET_NAME)";
				SWIFT_EMIT_LOC_STRINGS = NO;
				SWIFT_VERSION = 5.0;
				TARGETED_DEVICE_FAMILY = "1,2";
				TEST_HOST = "$(BUILT_PRODUCTS_DIR)/MovieApp.app/MovieApp";
			};
			name = Debug;
		};
		6303FB7F2904914300D43A59 /* Release */ = {
			isa = XCBuildConfiguration;
			buildSettings = {
				ALWAYS_EMBED_SWIFT_STANDARD_LIBRARIES = YES;
				BUNDLE_LOADER = "$(TEST_HOST)";
				CODE_SIGN_STYLE = Automatic;
				CURRENT_PROJECT_VERSION = 1;
				GENERATE_INFOPLIST_FILE = YES;
				IPHONEOS_DEPLOYMENT_TARGET = 15.2;
				MARKETING_VERSION = 1.0;
				PRODUCT_BUNDLE_IDENTIFIER = keremozdemr.MovieAppTests;
				PRODUCT_NAME = "$(TARGET_NAME)";
				SWIFT_EMIT_LOC_STRINGS = NO;
				SWIFT_VERSION = 5.0;
				TARGETED_DEVICE_FAMILY = "1,2";
				TEST_HOST = "$(BUILT_PRODUCTS_DIR)/MovieApp.app/MovieApp";
			};
			name = Release;
		};
		6303FB812904914300D43A59 /* Debug */ = {
			isa = XCBuildConfiguration;
			buildSettings = {
				ALWAYS_EMBED_SWIFT_STANDARD_LIBRARIES = YES;
				CODE_SIGN_STYLE = Automatic;
				CURRENT_PROJECT_VERSION = 1;
				GENERATE_INFOPLIST_FILE = YES;
				MARKETING_VERSION = 1.0;
				PRODUCT_BUNDLE_IDENTIFIER = keremozdemr.MovieAppUITests;
				PRODUCT_NAME = "$(TARGET_NAME)";
				SWIFT_EMIT_LOC_STRINGS = NO;
				SWIFT_VERSION = 5.0;
				TARGETED_DEVICE_FAMILY = "1,2";
				TEST_TARGET_NAME = MovieApp;
			};
			name = Debug;
		};
		6303FB822904914300D43A59 /* Release */ = {
			isa = XCBuildConfiguration;
			buildSettings = {
				ALWAYS_EMBED_SWIFT_STANDARD_LIBRARIES = YES;
				CODE_SIGN_STYLE = Automatic;
				CURRENT_PROJECT_VERSION = 1;
				GENERATE_INFOPLIST_FILE = YES;
				MARKETING_VERSION = 1.0;
				PRODUCT_BUNDLE_IDENTIFIER = keremozdemr.MovieAppUITests;
				PRODUCT_NAME = "$(TARGET_NAME)";
				SWIFT_EMIT_LOC_STRINGS = NO;
				SWIFT_VERSION = 5.0;
				TARGETED_DEVICE_FAMILY = "1,2";
				TEST_TARGET_NAME = MovieApp;
			};
			name = Release;
		};
/* End XCBuildConfiguration section */

/* Begin XCConfigurationList section */
		6303FB4B2904914100D43A59 /* Build configuration list for PBXProject "MovieApp" */ = {
			isa = XCConfigurationList;
			buildConfigurations = (
				6303FB782904914300D43A59 /* Debug */,
				6303FB792904914300D43A59 /* Release */,
			);
			defaultConfigurationIsVisible = 0;
			defaultConfigurationName = Release;
		};
		6303FB7A2904914300D43A59 /* Build configuration list for PBXNativeTarget "MovieApp" */ = {
			isa = XCConfigurationList;
			buildConfigurations = (
				6303FB7B2904914300D43A59 /* Debug */,
				6303FB7C2904914300D43A59 /* Release */,
			);
			defaultConfigurationIsVisible = 0;
			defaultConfigurationName = Release;
		};
		6303FB7D2904914300D43A59 /* Build configuration list for PBXNativeTarget "MovieAppTests" */ = {
			isa = XCConfigurationList;
			buildConfigurations = (
				6303FB7E2904914300D43A59 /* Debug */,
				6303FB7F2904914300D43A59 /* Release */,
			);
			defaultConfigurationIsVisible = 0;
			defaultConfigurationName = Release;
		};
		6303FB802904914300D43A59 /* Build configuration list for PBXNativeTarget "MovieAppUITests" */ = {
			isa = XCConfigurationList;
			buildConfigurations = (
				6303FB812904914300D43A59 /* Debug */,
				6303FB822904914300D43A59 /* Release */,
			);
			defaultConfigurationIsVisible = 0;
			defaultConfigurationName = Release;
		};
/* End XCConfigurationList section */

/* Begin XCRemoteSwiftPackageReference section */
		6303FB8A2905D71300D43A59 /* XCRemoteSwiftPackageReference "firebase-ios-sdk" */ = {
			isa = XCRemoteSwiftPackageReference;
			repositoryURL = "https://github.com/firebase/firebase-ios-sdk";
			requirement = {
				kind = upToNextMajorVersion;
				minimumVersion = 9.0.0;
			};
		};
		63241B2E2908B85A00CD4479 /* XCRemoteSwiftPackageReference "url-image" */ = {
			isa = XCRemoteSwiftPackageReference;
			repositoryURL = "https://github.com/dmytro-anokhin/url-image";
			requirement = {
				kind = upToNextMajorVersion;
				minimumVersion = 3.0.0;
			};
		};
		6381B6E62906D18300829010 /* XCRemoteSwiftPackageReference "Alamofire" */ = {
			isa = XCRemoteSwiftPackageReference;
			repositoryURL = "https://github.com/Alamofire/Alamofire.git";
			requirement = {
				kind = upToNextMajorVersion;
				minimumVersion = 5.0.0;
			};
		};
		6398740F2909A95100C236AF /* XCRemoteSwiftPackageReference "IHProgressHUD" */ = {
			isa = XCRemoteSwiftPackageReference;
			repositoryURL = "https://github.com/Swiftify-Corp/IHProgressHUD.git";
			requirement = {
				kind = upToNextMajorVersion;
				minimumVersion = 0.1.8;
			};
		};
/* End XCRemoteSwiftPackageReference section */

/* Begin XCSwiftPackageProductDependency section */
		6303FB8B2905D71300D43A59 /* FirebaseAnalyticsSwift */ = {
			isa = XCSwiftPackageProductDependency;
			package = 6303FB8A2905D71300D43A59 /* XCRemoteSwiftPackageReference "firebase-ios-sdk" */;
			productName = FirebaseAnalyticsSwift;
		};
		6303FB8D2905D71300D43A59 /* FirebaseRemoteConfigSwift */ = {
			isa = XCSwiftPackageProductDependency;
			package = 6303FB8A2905D71300D43A59 /* XCRemoteSwiftPackageReference "firebase-ios-sdk" */;
			productName = FirebaseRemoteConfigSwift;
		};
		63241B2F2908B85A00CD4479 /* URLImage */ = {
			isa = XCSwiftPackageProductDependency;
			package = 63241B2E2908B85A00CD4479 /* XCRemoteSwiftPackageReference "url-image" */;
			productName = URLImage;
		};
		6381B6E72906D18300829010 /* Alamofire */ = {
			isa = XCSwiftPackageProductDependency;
			package = 6381B6E62906D18300829010 /* XCRemoteSwiftPackageReference "Alamofire" */;
			productName = Alamofire;
		};
		639874102909A95100C236AF /* IHProgressHUD */ = {
			isa = XCSwiftPackageProductDependency;
			package = 6398740F2909A95100C236AF /* XCRemoteSwiftPackageReference "IHProgressHUD" */;
			productName = IHProgressHUD;
		};
/* End XCSwiftPackageProductDependency section */
	};
	rootObject = 6303FB482904914100D43A59 /* Project object */;
}
